PODS:
  - Sparkle (1.22.0)
  - Yaml (3.4.4)

DEPENDENCIES:
  - Sparkle
  - Yaml

SPEC REPOS:
  trunk:
    - Sparkle
    - Yaml

SPEC CHECKSUMS:
  Sparkle: 593ac2e677c07bcb6c3b22d621240e7cbedaab57
  Yaml: 52831fc1d9ac2db4ddf6d7562993457127256ca6

PODFILE CHECKSUM: 0b9c0ded66dccbf0b8e8cca9e8be49f5eddabe9c

COCOAPODS: 1.8.4
