// !$*UTF8*$!
{
	archiveVersion = 1;
	classes = {
	};
	objectVersion = 46;
	objects = {

/* Begin PBXBuildFile section */
		A905C2F41E5DDD66009D355D /* snippet.yml in Resources */ = {isa = PBXBuildFile; fileRef = A905C2F21E5DDD66009D355D /* snippet.yml */; };
		A905C2FD1E5DE180009D355D /* Localizable.strings in Resources */ = {isa = PBXBuildFile; fileRef = A905C2FB1E5DE180009D355D /* Localizable.strings */; };
		A90E64C31E229F30002BD997 /* Preferences.xib in Resources */ = {isa = PBXBuildFile; fileRef = A90E64C11E229F30002BD997 /* Preferences.xib */; };
		A90E64C71E22A198002BD997 /* PreferencesWindowController.swift in Sources */ = {isa = PBXBuildFile; fileRef = A90E64C61E22A198002BD997 /* PreferencesWindowController.swift */; };
		A912B5111E2C5569007DB154 /* dsa_pub.pem in Resources */ = {isa = PBXBuildFile; fileRef = A912B5101E2C5569007DB154 /* dsa_pub.pem */; };
		A91F69BC1E230D040036CDCF /* WebKit.framework in Frameworks */ = {isa = PBXBuildFile; fileRef = A91F69BB1E230D040036CDCF /* WebKit.framework */; };
		A97B232E1EFEDAF50095AB3C /* TouchBarController.swift in Sources */ = {isa = PBXBuildFile; fileRef = A97B232D1EFEDAF50095AB3C /* TouchBarController.swift */; };
		A991AFDD1E324FF400DEAF5B /* SnippetManager.swift in Sources */ = {isa = PBXBuildFile; fileRef = A991AFDC1E324FF400DEAF5B /* SnippetManager.swift */; };
		A9943DE41E22747A00FBA718 /* AppDelegate.swift in Sources */ = {isa = PBXBuildFile; fileRef = A9943DE31E22747A00FBA718 /* AppDelegate.swift */; };
		A9943DE61E22747A00FBA718 /* ViewController.swift in Sources */ = {isa = PBXBuildFile; fileRef = A9943DE51E22747A00FBA718 /* ViewController.swift */; };
		A9943DE81E22747A00FBA718 /* Document.swift in Sources */ = {isa = PBXBuildFile; fileRef = A9943DE71E22747A00FBA718 /* Document.swift */; };
		A9943DEA1E22747A00FBA718 /* Assets.xcassets in Resources */ = {isa = PBXBuildFile; fileRef = A9943DE91E22747A00FBA718 /* Assets.xcassets */; };
		A9943DED1E22747A00FBA718 /* Main.storyboard in Resources */ = {isa = PBXBuildFile; fileRef = A9943DEB1E22747A00FBA718 /* Main.storyboard */; };
		A9ADA8F71E46229A004BA589 /* kotori.js in Resources */ = {isa = PBXBuildFile; fileRef = A9ADA8F61E46229A004BA589 /* kotori.js */; };
		A9EAF6491E2DB07E00D34B47 /* WKWebView+TextZoom.m in Sources */ = {isa = PBXBuildFile; fileRef = A9EAF6481E2DB07E00D34B47 /* WKWebView+TextZoom.m */; };
		CC814E10E7488FF25328B3A1 /* Pods_kotori.framework in Frameworks */ = {isa = PBXBuildFile; fileRef = CFCEAE5681C4370551247B3A /* Pods_kotori.framework */; };
/* End PBXBuildFile section */

/* Begin PBXFileReference section */
		3B1227ABE27811A6AE9B2F71 /* Pods-kotori.debug.xcconfig */ = {isa = PBXFileReference; includeInIndex = 1; lastKnownFileType = text.xcconfig; name = "Pods-kotori.debug.xcconfig"; path = "Pods/Target Support Files/Pods-kotori/Pods-kotori.debug.xcconfig"; sourceTree = "<group>"; };
		7D0060BC96575BF9F89AC2BC /* Pods-kotori.release.xcconfig */ = {isa = PBXFileReference; includeInIndex = 1; lastKnownFileType = text.xcconfig; name = "Pods-kotori.release.xcconfig"; path = "Pods/Target Support Files/Pods-kotori/Pods-kotori.release.xcconfig"; sourceTree = "<group>"; };
		A905C2EC1E5DC60B009D355D /* ja */ = {isa = PBXFileReference; lastKnownFileType = text.plist.strings; name = ja; path = ja.lproj/Main.strings; sourceTree = "<group>"; };
		A905C2ED1E5DC60B009D355D /* ja */ = {isa = PBXFileReference; lastKnownFileType = text.plist.strings; name = ja; path = ja.lproj/Preferences.strings; sourceTree = "<group>"; };
		A905C2F31E5DDD66009D355D /* Base */ = {isa = PBXFileReference; lastKnownFileType = text; name = Base; path = Base.lproj/snippet.yml; sourceTree = "<group>"; };
		A905C2F51E5DDD79009D355D /* ja */ = {isa = PBXFileReference; lastKnownFileType = text; name = ja; path = ja.lproj/snippet.yml; sourceTree = "<group>"; };
		A905C2FC1E5DE180009D355D /* Base */ = {isa = PBXFileReference; lastKnownFileType = text.plist.strings; name = Base; path = Base.lproj/Localizable.strings; sourceTree = "<group>"; };
		A905C2FE1E5DE188009D355D /* ja */ = {isa = PBXFileReference; lastKnownFileType = text.plist.strings; name = ja; path = ja.lproj/Localizable.strings; sourceTree = "<group>"; };
		A90E64C21E229F30002BD997 /* Base */ = {isa = PBXFileReference; lastKnownFileType = file.xib; name = Base; path = Base.lproj/Preferences.xib; sourceTree = "<group>"; };
		A90E64C61E22A198002BD997 /* PreferencesWindowController.swift */ = {isa = PBXFileReference; fileEncoding = 4; lastKnownFileType = sourcecode.swift; path = PreferencesWindowController.swift; sourceTree = "<group>"; };
		A912B5101E2C5569007DB154 /* dsa_pub.pem */ = {isa = PBXFileReference; fileEncoding = 4; lastKnownFileType = text; path = dsa_pub.pem; sourceTree = "<group>"; };
		A91F69BB1E230D040036CDCF /* WebKit.framework */ = {isa = PBXFileReference; lastKnownFileType = wrapper.framework; name = WebKit.framework; path = System/Library/Frameworks/WebKit.framework; sourceTree = SDKROOT; };
		A97B232D1EFEDAF50095AB3C /* TouchBarController.swift */ = {isa = PBXFileReference; fileEncoding = 4; lastKnownFileType = sourcecode.swift; path = TouchBarController.swift; sourceTree = "<group>"; };
		A991AFDC1E324FF400DEAF5B /* SnippetManager.swift */ = {isa = PBXFileReference; fileEncoding = 4; lastKnownFileType = sourcecode.swift; path = SnippetManager.swift; sourceTree = "<group>"; };
		A9943DE01E22747A00FBA718 /* kotori.app */ = {isa = PBXFileReference; explicitFileType = wrapper.application; includeInIndex = 0; path = kotori.app; sourceTree = BUILT_PRODUCTS_DIR; };
		A9943DE31E22747A00FBA718 /* AppDelegate.swift */ = {isa = PBXFileReference; lastKnownFileType = sourcecode.swift; path = AppDelegate.swift; sourceTree = "<group>"; };
		A9943DE51E22747A00FBA718 /* ViewController.swift */ = {isa = PBXFileReference; lastKnownFileType = sourcecode.swift; path = ViewController.swift; sourceTree = "<group>"; };
		A9943DE71E22747A00FBA718 /* Document.swift */ = {isa = PBXFileReference; lastKnownFileType = sourcecode.swift; path = Document.swift; sourceTree = "<group>"; };
		A9943DE91E22747A00FBA718 /* Assets.xcassets */ = {isa = PBXFileReference; lastKnownFileType = folder.assetcatalog; path = Assets.xcassets; sourceTree = "<group>"; };
		A9943DEC1E22747A00FBA718 /* Base */ = {isa = PBXFileReference; lastKnownFileType = file.storyboard; name = Base; path = Base.lproj/Main.storyboard; sourceTree = "<group>"; };
		A9943DEE1E22747A00FBA718 /* Info.plist */ = {isa = PBXFileReference; fileEncoding = 4; lastKnownFileType = text.plist.xml; path = Info.plist; sourceTree = "<group>"; };
		A9ADA8F61E46229A004BA589 /* kotori.js */ = {isa = PBXFileReference; fileEncoding = 4; lastKnownFileType = sourcecode.javascript; path = kotori.js; sourceTree = "<group>"; };
		A9EAF6461E2DB07E00D34B47 /* kotori-Bridging-Header.h */ = {isa = PBXFileReference; fileEncoding = 4; lastKnownFileType = sourcecode.c.h; path = "kotori-Bridging-Header.h"; sourceTree = "<group>"; };
		A9EAF6471E2DB07E00D34B47 /* WKWebView+TextZoom.h */ = {isa = PBXFileReference; fileEncoding = 4; lastKnownFileType = sourcecode.c.h; path = "WKWebView+TextZoom.h"; sourceTree = "<group>"; };
		A9EAF6481E2DB07E00D34B47 /* WKWebView+TextZoom.m */ = {isa = PBXFileReference; fileEncoding = 4; lastKnownFileType = sourcecode.c.objc; path = "WKWebView+TextZoom.m"; sourceTree = "<group>"; };
		CFCEAE5681C4370551247B3A /* Pods_kotori.framework */ = {isa = PBXFileReference; explicitFileType = wrapper.framework; includeInIndex = 0; path = Pods_kotori.framework; sourceTree = BUILT_PRODUCTS_DIR; };
/* End PBXFileReference section */

/* Begin PBXFrameworksBuildPhase section */
		A9943DDD1E22747A00FBA718 /* Frameworks */ = {
			isa = PBXFrameworksBuildPhase;
			buildActionMask = 2147483647;
			files = (
				A91F69BC1E230D040036CDCF /* WebKit.framework in Frameworks */,
				CC814E10E7488FF25328B3A1 /* Pods_kotori.framework in Frameworks */,
			);
			runOnlyForDeploymentPostprocessing = 0;
		};
/* End PBXFrameworksBuildPhase section */

/* Begin PBXGroup section */
		2F8EF836CD745419FF08BD09 /* Pods */ = {
			isa = PBXGroup;
			children = (
				3B1227ABE27811A6AE9B2F71 /* Pods-kotori.debug.xcconfig */,
				7D0060BC96575BF9F89AC2BC /* Pods-kotori.release.xcconfig */,
			);
			name = Pods;
			sourceTree = "<group>";
		};
		A91398871E69B6B700746269 /* Resources */ = {
			isa = PBXGroup;
			children = (
				A9943DEB1E22747A00FBA718 /* Main.storyboard */,
				A90E64C11E229F30002BD997 /* Preferences.xib */,
				A9943DE91E22747A00FBA718 /* Assets.xcassets */,
				A905C2FB1E5DE180009D355D /* Localizable.strings */,
				A905C2F21E5DDD66009D355D /* snippet.yml */,
				A9ADA8F61E46229A004BA589 /* kotori.js */,
				A9943DEE1E22747A00FBA718 /* Info.plist */,
				A912B5101E2C5569007DB154 /* dsa_pub.pem */,
			);
			name = Resources;
			sourceTree = "<group>";
		};
		A91F69BA1E230D040036CDCF /* Frameworks */ = {
			isa = PBXGroup;
			children = (
				A91F69BB1E230D040036CDCF /* WebKit.framework */,
				CFCEAE5681C4370551247B3A /* Pods_kotori.framework */,
			);
			name = Frameworks;
			sourceTree = "<group>";
		};
		A9943DD71E22747A00FBA718 = {
			isa = PBXGroup;
			children = (
				A9943DE21E22747A00FBA718 /* kotori */,
				A9943DE11E22747A00FBA718 /* Products */,
				A91F69BA1E230D040036CDCF /* Frameworks */,
				2F8EF836CD745419FF08BD09 /* Pods */,
			);
			sourceTree = "<group>";
		};
		A9943DE11E22747A00FBA718 /* Products */ = {
			isa = PBXGroup;
			children = (
				A9943DE01E22747A00FBA718 /* kotori.app */,
			);
			name = Products;
			sourceTree = "<group>";
		};
		A9943DE21E22747A00FBA718 /* kotori */ = {
			isa = PBXGroup;
			children = (
				A9943DE31E22747A00FBA718 /* AppDelegate.swift */,
				A9943DE51E22747A00FBA718 /* ViewController.swift */,
				A90E64C61E22A198002BD997 /* PreferencesWindowController.swift */,
				A9943DE71E22747A00FBA718 /* Document.swift */,
				A991AFDC1E324FF400DEAF5B /* SnippetManager.swift */,
				A97B232D1EFEDAF50095AB3C /* TouchBarController.swift */,
				A9EAF6461E2DB07E00D34B47 /* kotori-Bridging-Header.h */,
				A9EAF6471E2DB07E00D34B47 /* WKWebView+TextZoom.h */,
				A9EAF6481E2DB07E00D34B47 /* WKWebView+TextZoom.m */,
				A91398871E69B6B700746269 /* Resources */,
			);
			path = kotori;
			sourceTree = "<group>";
		};
/* End PBXGroup section */

/* Begin PBXNativeTarget section */
		A9943DDF1E22747A00FBA718 /* kotori */ = {
			isa = PBXNativeTarget;
			buildConfigurationList = A9943DF11E22747A00FBA718 /* Build configuration list for PBXNativeTarget "kotori" */;
			buildPhases = (
				2FC91ED73E04B4B71EA5C90B /* [CP] Check Pods Manifest.lock */,
				A9943DDC1E22747A00FBA718 /* Sources */,
				A9943DDD1E22747A00FBA718 /* Frameworks */,
				A9943DDE1E22747A00FBA718 /* Resources */,
				53E5FFBD7AF50D7350D64C23 /* [CP] Embed Pods Frameworks */,
				9713F46700C7F30C878959D5 /* [CP] Copy Pods Resources */,
			);
			buildRules = (
			);
			dependencies = (
			);
			name = kotori;
			productName = kotori;
			productReference = A9943DE01E22747A00FBA718 /* kotori.app */;
			productType = "com.apple.product-type.application";
		};
/* End PBXNativeTarget section */

/* Begin PBXProject section */
		A9943DD81E22747A00FBA718 /* Project object */ = {
			isa = PBXProject;
			attributes = {
				LastSwiftUpdateCheck = 0820;
				LastUpgradeCheck = 0820;
				ORGANIZATIONNAME = Watson;
				TargetAttributes = {
					A9943DDF1E22747A00FBA718 = {
						CreatedOnToolsVersion = 8.2.1;
						DevelopmentTeam = KQ572MNR73;
						LastSwiftMigration = 0820;
						ProvisioningStyle = Manual;
					};
				};
			};
			buildConfigurationList = A9943DDB1E22747A00FBA718 /* Build configuration list for PBXProject "kotori" */;
			compatibilityVersion = "Xcode 3.2";
			developmentRegion = English;
			hasScannedForEncodings = 0;
			knownRegions = (
				en,
				Base,
				ja,
			);
			mainGroup = A9943DD71E22747A00FBA718;
			productRefGroup = A9943DE11E22747A00FBA718 /* Products */;
			projectDirPath = "";
			projectRoot = "";
			targets = (
				A9943DDF1E22747A00FBA718 /* kotori */,
			);
		};
/* End PBXProject section */

/* Begin PBXResourcesBuildPhase section */
		A9943DDE1E22747A00FBA718 /* Resources */ = {
			isa = PBXResourcesBuildPhase;
			buildActionMask = 2147483647;
			files = (
				A9943DEA1E22747A00FBA718 /* Assets.xcassets in Resources */,
				A912B5111E2C5569007DB154 /* dsa_pub.pem in Resources */,
				A90E64C31E229F30002BD997 /* Preferences.xib in Resources */,
				A9ADA8F71E46229A004BA589 /* kotori.js in Resources */,
				A905C2FD1E5DE180009D355D /* Localizable.strings in Resources */,
				A905C2F41E5DDD66009D355D /* snippet.yml in Resources */,
				A9943DED1E22747A00FBA718 /* Main.storyboard in Resources */,
			);
			runOnlyForDeploymentPostprocessing = 0;
		};
/* End PBXResourcesBuildPhase section */

/* Begin PBXShellScriptBuildPhase section */
		2FC91ED73E04B4B71EA5C90B /* [CP] Check Pods Manifest.lock */ = {
			isa = PBXShellScriptBuildPhase;
			buildActionMask = 2147483647;
			files = (
			);
			inputPaths = (
			);
			name = "[CP] Check Pods Manifest.lock";
			outputPaths = (
			);
			runOnlyForDeploymentPostprocessing = 0;
			shellPath = /bin/sh;
			shellScript = "diff \"${PODS_ROOT}/../Podfile.lock\" \"${PODS_ROOT}/Manifest.lock\" > /dev/null\nif [ $? != 0 ] ; then\n    # print error to STDERR\n    echo \"error: The sandbox is not in sync with the Podfile.lock. Run 'pod install' or update your CocoaPods installation.\" >&2\n    exit 1\nfi\n";
			showEnvVarsInLog = 0;
		};
		53E5FFBD7AF50D7350D64C23 /* [CP] Embed Pods Frameworks */ = {
			isa = PBXShellScriptBuildPhase;
			buildActionMask = 2147483647;
			files = (
			);
			inputPaths = (
			);
			name = "[CP] Embed Pods Frameworks";
			outputPaths = (
			);
			runOnlyForDeploymentPostprocessing = 0;
			shellPath = /bin/sh;
			shellScript = "\"${SRCROOT}/Pods/Target Support Files/Pods-kotori/Pods-kotori-frameworks.sh\"\n";
			showEnvVarsInLog = 0;
		};
		9713F46700C7F30C878959D5 /* [CP] Copy Pods Resources */ = {
			isa = PBXShellScriptBuildPhase;
			buildActionMask = 2147483647;
			files = (
			);
			inputPaths = (
			);
			name = "[CP] Copy Pods Resources";
			outputPaths = (
			);
			runOnlyForDeploymentPostprocessing = 0;
			shellPath = /bin/sh;
			shellScript = "\"${SRCROOT}/Pods/Target Support Files/Pods-kotori/Pods-kotori-resources.sh\"\n";
			showEnvVarsInLog = 0;
		};
/* End PBXShellScriptBuildPhase section */

/* Begin PBXSourcesBuildPhase section */
		A9943DDC1E22747A00FBA718 /* Sources */ = {
			isa = PBXSourcesBuildPhase;
			buildActionMask = 2147483647;
			files = (
				A9943DE61E22747A00FBA718 /* ViewController.swift in Sources */,
				A97B232E1EFEDAF50095AB3C /* TouchBarController.swift in Sources */,
				A90E64C71E22A198002BD997 /* PreferencesWindowController.swift in Sources */,
				A9EAF6491E2DB07E00D34B47 /* WKWebView+TextZoom.m in Sources */,
				A991AFDD1E324FF400DEAF5B /* SnippetManager.swift in Sources */,
				A9943DE41E22747A00FBA718 /* AppDelegate.swift in Sources */,
				A9943DE81E22747A00FBA718 /* Document.swift in Sources */,
			);
			runOnlyForDeploymentPostprocessing = 0;
		};
/* End PBXSourcesBuildPhase section */

/* Begin PBXVariantGroup section */
		A905C2F21E5DDD66009D355D /* snippet.yml */ = {
			isa = PBXVariantGroup;
			children = (
				A905C2F31E5DDD66009D355D /* Base */,
				A905C2F51E5DDD79009D355D /* ja */,
			);
			name = snippet.yml;
			sourceTree = "<group>";
		};
		A905C2FB1E5DE180009D355D /* Localizable.strings */ = {
			isa = PBXVariantGroup;
			children = (
				A905C2FC1E5DE180009D355D /* Base */,
				A905C2FE1E5DE188009D355D /* ja */,
			);
			name = Localizable.strings;
			sourceTree = "<group>";
		};
		A90E64C11E229F30002BD997 /* Preferences.xib */ = {
			isa = PBXVariantGroup;
			children = (
				A90E64C21E229F30002BD997 /* Base */,
				A905C2ED1E5DC60B009D355D /* ja */,
			);
			name = Preferences.xib;
			sourceTree = "<group>";
		};
		A9943DEB1E22747A00FBA718 /* Main.storyboard */ = {
			isa = PBXVariantGroup;
			children = (
				A9943DEC1E22747A00FBA718 /* Base */,
				A905C2EC1E5DC60B009D355D /* ja */,
			);
			name = Main.storyboard;
			sourceTree = "<group>";
		};
/* End PBXVariantGroup section */

/* Begin XCBuildConfiguration section */
		A9943DEF1E22747A00FBA718 /* Debug */ = {
			isa = XCBuildConfiguration;
			buildSettings = {
				ALWAYS_SEARCH_USER_PATHS = NO;
				CLANG_ANALYZER_LOCALIZABILITY_NONLOCALIZED = YES;
				CLANG_ANALYZER_NONNULL = YES;
				CLANG_CXX_LANGUAGE_STANDARD = "gnu++0x";
				CLANG_CXX_LIBRARY = "libc++";
				CLANG_ENABLE_MODULES = YES;
				CLANG_ENABLE_OBJC_ARC = YES;
				CLANG_WARN_BOOL_CONVERSION = YES;
				CLANG_WARN_CONSTANT_CONVERSION = YES;
				CLANG_WARN_DIRECT_OBJC_ISA_USAGE = YES_ERROR;
				CLANG_WARN_DOCUMENTATION_COMMENTS = YES;
				CLANG_WARN_EMPTY_BODY = YES;
				CLANG_WARN_ENUM_CONVERSION = YES;
				CLANG_WARN_INFINITE_RECURSION = YES;
				CLANG_WARN_INT_CONVERSION = YES;
				CLANG_WARN_OBJC_ROOT_CLASS = YES_ERROR;
				CLANG_WARN_SUSPICIOUS_MOVE = YES;
				CLANG_WARN_UNREACHABLE_CODE = YES;
				CLANG_WARN__DUPLICATE_METHOD_MATCH = YES;
				CODE_SIGN_IDENTITY = "-";
				COPY_PHASE_STRIP = NO;
				DEBUG_INFORMATION_FORMAT = dwarf;
				ENABLE_STRICT_OBJC_MSGSEND = YES;
				ENABLE_TESTABILITY = YES;
				GCC_C_LANGUAGE_STANDARD = gnu99;
				GCC_DYNAMIC_NO_PIC = NO;
				GCC_NO_COMMON_BLOCKS = YES;
				GCC_OPTIMIZATION_LEVEL = 0;
				GCC_PREPROCESSOR_DEFINITIONS = (
					"DEBUG=1",
					"$(inherited)",
				);
				GCC_WARN_64_TO_32_BIT_CONVERSION = YES;
				GCC_WARN_ABOUT_RETURN_TYPE = YES_ERROR;
				GCC_WARN_UNDECLARED_SELECTOR = YES;
				GCC_WARN_UNINITIALIZED_AUTOS = YES_AGGRESSIVE;
				GCC_WARN_UNUSED_FUNCTION = YES;
				GCC_WARN_UNUSED_VARIABLE = YES;
				MACOSX_DEPLOYMENT_TARGET = 10.10;
				MTL_ENABLE_DEBUG_INFO = YES;
				ONLY_ACTIVE_ARCH = YES;
				SDKROOT = macosx;
				SWIFT_ACTIVE_COMPILATION_CONDITIONS = DEBUG;
				SWIFT_OPTIMIZATION_LEVEL = "-Onone";
			};
			name = Debug;
		};
		A9943DF01E22747A00FBA718 /* Release */ = {
			isa = XCBuildConfiguration;
			buildSettings = {
				ALWAYS_SEARCH_USER_PATHS = NO;
				CLANG_ANALYZER_LOCALIZABILITY_NONLOCALIZED = YES;
				CLANG_ANALYZER_NONNULL = YES;
				CLANG_CXX_LANGUAGE_STANDARD = "gnu++0x";
				CLANG_CXX_LIBRARY = "libc++";
				CLANG_ENABLE_MODULES = YES;
				CLANG_ENABLE_OBJC_ARC = YES;
				CLANG_WARN_BOOL_CONVERSION = YES;
				CLANG_WARN_CONSTANT_CONVERSION = YES;
				CLANG_WARN_DIRECT_OBJC_ISA_USAGE = YES_ERROR;
				CLANG_WARN_DOCUMENTATION_COMMENTS = YES;
				CLANG_WARN_EMPTY_BODY = YES;
				CLANG_WARN_ENUM_CONVERSION = YES;
				CLANG_WARN_INFINITE_RECURSION = YES;
				CLANG_WARN_INT_CONVERSION = YES;
				CLANG_WARN_OBJC_ROOT_CLASS = YES_ERROR;
				CLANG_WARN_SUSPICIOUS_MOVE = YES;
				CLANG_WARN_UNREACHABLE_CODE = YES;
				CLANG_WARN__DUPLICATE_METHOD_MATCH = YES;
				CODE_SIGN_IDENTITY = "-";
				COPY_PHASE_STRIP = NO;
				DEBUG_INFORMATION_FORMAT = "dwarf-with-dsym";
				ENABLE_NS_ASSERTIONS = NO;
				ENABLE_STRICT_OBJC_MSGSEND = YES;
				GCC_C_LANGUAGE_STANDARD = gnu99;
				GCC_NO_COMMON_BLOCKS = YES;
				GCC_WARN_64_TO_32_BIT_CONVERSION = YES;
				GCC_WARN_ABOUT_RETURN_TYPE = YES_ERROR;
				GCC_WARN_UNDECLARED_SELECTOR = YES;
				GCC_WARN_UNINITIALIZED_AUTOS = YES_AGGRESSIVE;
				GCC_WARN_UNUSED_FUNCTION = YES;
				GCC_WARN_UNUSED_VARIABLE = YES;
				MACOSX_DEPLOYMENT_TARGET = 10.10;
				MTL_ENABLE_DEBUG_INFO = NO;
				SDKROOT = macosx;
				SWIFT_OPTIMIZATION_LEVEL = "-Owholemodule";
			};
			name = Release;
		};
		A9943DF21E22747A00FBA718 /* Debug */ = {
			isa = XCBuildConfiguration;
			baseConfigurationReference = 3B1227ABE27811A6AE9B2F71 /* Pods-kotori.debug.xcconfig */;
			buildSettings = {
				ALWAYS_EMBED_SWIFT_STANDARD_LIBRARIES = YES;
				ASSETCATALOG_COMPILER_APPICON_NAME = AppIcon;
				CLANG_ENABLE_MODULES = YES;
				CODE_SIGN_IDENTITY = "Mac Developer";
				COMBINE_HIDPI_IMAGES = YES;
				DEVELOPMENT_TEAM = KQ572MNR73;
				INFOPLIST_FILE = kotori/Info.plist;
				LD_RUNPATH_SEARCH_PATHS = "$(inherited) @executable_path/../Frameworks";
				MACOSX_DEPLOYMENT_TARGET = 10.10;
				PRODUCT_BUNDLE_IDENTIFIER = "jp.cat-soft.kotori";
				PRODUCT_NAME = "$(TARGET_NAME)";
				SWIFT_OBJC_BRIDGING_HEADER = "kotori/kotori-Bridging-Header.h";
				SWIFT_OPTIMIZATION_LEVEL = "-Onone";
				SWIFT_VERSION = 3.0;
			};
			name = Debug;
		};
		A9943DF31E22747A00FBA718 /* Release */ = {
			isa = XCBuildConfiguration;
			baseConfigurationReference = 7D0060BC96575BF9F89AC2BC /* Pods-kotori.release.xcconfig */;
			buildSettings = {
				ALWAYS_EMBED_SWIFT_STANDARD_LIBRARIES = YES;
				ASSETCATALOG_COMPILER_APPICON_NAME = AppIcon;
				CLANG_ENABLE_MODULES = YES;
				CODE_SIGN_IDENTITY = "Developer ID Application";
				COMBINE_HIDPI_IMAGES = YES;
				DEVELOPMENT_TEAM = KQ572MNR73;
				INFOPLIST_FILE = kotori/Info.plist;
				LD_RUNPATH_SEARCH_PATHS = "$(inherited) @executable_path/../Frameworks";
				MACOSX_DEPLOYMENT_TARGET = 10.10;
				PRODUCT_BUNDLE_IDENTIFIER = "jp.cat-soft.kotori";
				PRODUCT_NAME = "$(TARGET_NAME)";
				SWIFT_OBJC_BRIDGING_HEADER = "kotori/kotori-Bridging-Header.h";
				SWIFT_VERSION = 3.0;
			};
			name = Release;
		};
/* End XCBuildConfiguration section */

/* Begin XCConfigurationList section */
		A9943DDB1E22747A00FBA718 /* Build configuration list for PBXProject "kotori" */ = {
			isa = XCConfigurationList;
			buildConfigurations = (
				A9943DEF1E22747A00FBA718 /* Debug */,
				A9943DF01E22747A00FBA718 /* Release */,
			);
			defaultConfigurationIsVisible = 0;
			defaultConfigurationName = Release;
		};
		A9943DF11E22747A00FBA718 /* Build configuration list for PBXNativeTarget "kotori" */ = {
			isa = XCConfigurationList;
			buildConfigurations = (
				A9943DF21E22747A00FBA718 /* Debug */,
				A9943DF31E22747A00FBA718 /* Release */,
			);
			defaultConfigurationIsVisible = 0;
			defaultConfigurationName = Release;
		};
/* End XCConfigurationList section */
	};
	rootObject = A9943DD81E22747A00FBA718 /* Project object */;
}
